
Microsoft Visual Studio Solution File, Format Version 12.00
# Visual Studio 15
VisualStudioVersion = 15.0.28307.271
MinimumVisualStudioVersion = 10.0.40219.1
Project("{9A19103F-16F7-4668-BE54-9A1E7A4F7556}") = "BankingApp", "BankingApp.csproj", "{C2B75BA0-AC9F-4F43-9B04-6BC452D0F132}"
EndProject
Project("{2150E333-8FDC-42A3-9474-1A3956D46DE8}") = "Solution Items", "Solution Items", "{8F899B82-BA3E-4369-89C6-B888CFEDE6B5}"
	ProjectSection(SolutionItems) = preProject
		README.md = README.md
	EndProjectSection
EndProject
Global
	GlobalSection(SolutionConfigurationPlatforms) = preSolution
		Debug|Any CPU = Debug|Any CPU
		Release|Any CPU = Release|Any CPU
	EndGlobalSection
	GlobalSection(ProjectConfigurationPlatforms) = postSolution
		{C2B75BA0-AC9F-4F43-9B04-6BC452D0F132}.Debug|Any CPU.ActiveCfg = Debug|Any CPU
		{C2B75BA0-AC9F-4F43-9B04-6BC452D0F132}.Debug|Any CPU.Build.0 = Debug|Any CPU
		{C2B75BA0-AC9F-4F43-9B04-6BC452D0F132}.Release|Any CPU.ActiveCfg = Release|Any CPU
		{C2B75BA0-AC9F-4F43-9B04-6BC452D0F132}.Release|Any CPU.Build.0 = Release|Any CPU
	EndGlobalSection
	GlobalSection(SolutionProperties) = preSolution
		HideSolutionNode = FALSE
	EndGlobalSection
	GlobalSection(ExtensibilityGlobals) = postSolution
		SolutionGuid = {C053D4E8-3CD0-4552-80C2-751B8EABF1F3}
	EndGlobalSection
EndGlobal
